// !$*UTF8*$!
{
	archiveVersion = 1;
	classes = {
	};
	objectVersion = 46;
	objects = {

/* Begin PBXBuildFile section */
		6839696A164DBFF7009CF084 /* UIKit.framework in Frameworks */ = {isa = PBXBuildFile; fileRef = 68396969164DBFF7009CF084 /* UIKit.framework */; };
		6839696C164DBFF7009CF084 /* Foundation.framework in Frameworks */ = {isa = PBXBuildFile; fileRef = 6839696B164DBFF7009CF084 /* Foundation.framework */; };
		6839696E164DBFF7009CF084 /* CoreGraphics.framework in Frameworks */ = {isa = PBXBuildFile; fileRef = 6839696D164DBFF7009CF084 /* CoreGraphics.framework */; };
		68396974164DBFF7009CF084 /* InfoPlist.strings in Resources */ = {isa = PBXBuildFile; fileRef = 68396972164DBFF7009CF084 /* InfoPlist.strings */; };
		68396976164DBFF7009CF084 /* main.m in Sources */ = {isa = PBXBuildFile; fileRef = 68396975164DBFF7009CF084 /* main.m */; };
		6839697A164DBFF7009CF084 /* AppDelegate.m in Sources */ = {isa = PBXBuildFile; fileRef = 68396979164DBFF7009CF084 /* AppDelegate.m */; };
		6839697C164DBFF7009CF084 /* Default.png in Resources */ = {isa = PBXBuildFile; fileRef = 6839697B164DBFF7009CF084 /* Default.png */; };
		6839697E164DBFF7009CF084 /* Default@2x.png in Resources */ = {isa = PBXBuildFile; fileRef = 6839697D164DBFF7009CF084 /* Default@2x.png */; };
		68396980164DBFF7009CF084 /* Default-568h@2x.png in Resources */ = {isa = PBXBuildFile; fileRef = 6839697F164DBFF7009CF084 /* Default-568h@2x.png */; };
		6839699A164DC039009CF084 /* ExampleViewController.m in Sources */ = {isa = PBXBuildFile; fileRef = 68396999164DC039009CF084 /* ExampleViewController.m */; };
		6839699C164DC12B009CF084 /* libThumbsView.a in Frameworks */ = {isa = PBXBuildFile; fileRef = 6839699B164DC12B009CF084 /* libThumbsView.a */; };
/* End PBXBuildFile section */

/* Begin PBXFileReference section */
		68396965164DBFF7009CF084 /* Example.app */ = {isa = PBXFileReference; explicitFileType = wrapper.application; includeInIndex = 0; path = Example.app; sourceTree = BUILT_PRODUCTS_DIR; };
		68396969164DBFF7009CF084 /* UIKit.framework */ = {isa = PBXFileReference; lastKnownFileType = wrapper.framework; name = UIKit.framework; path = System/Library/Frameworks/UIKit.framework; sourceTree = SDKROOT; };
		6839696B164DBFF7009CF084 /* Foundation.framework */ = {isa = PBXFileReference; lastKnownFileType = wrapper.framework; name = Foundation.framework; path = System/Library/Frameworks/Foundation.framework; sourceTree = SDKROOT; };
		6839696D164DBFF7009CF084 /* CoreGraphics.framework */ = {isa = PBXFileReference; lastKnownFileType = wrapper.framework; name = CoreGraphics.framework; path = System/Library/Frameworks/CoreGraphics.framework; sourceTree = SDKROOT; };
		68396971164DBFF7009CF084 /* Example-Info.plist */ = {isa = PBXFileReference; lastKnownFileType = text.plist.xml; path = "Example-Info.plist"; sourceTree = "<group>"; };
		68396973164DBFF7009CF084 /* en */ = {isa = PBXFileReference; lastKnownFileType = text.plist.strings; name = en; path = en.lproj/InfoPlist.strings; sourceTree = "<group>"; };
		68396975164DBFF7009CF084 /* main.m */ = {isa = PBXFileReference; lastKnownFileType = sourcecode.c.objc; path = main.m; sourceTree = "<group>"; };
		68396977164DBFF7009CF084 /* Example-Prefix.pch */ = {isa = PBXFileReference; lastKnownFileType = sourcecode.c.h; path = "Example-Prefix.pch"; sourceTree = "<group>"; };
		68396978164DBFF7009CF084 /* AppDelegate.h */ = {isa = PBXFileReference; lastKnownFileType = sourcecode.c.h; path = AppDelegate.h; sourceTree = "<group>"; };
		68396979164DBFF7009CF084 /* AppDelegate.m */ = {isa = PBXFileReference; lastKnownFileType = sourcecode.c.objc; path = AppDelegate.m; sourceTree = "<group>"; };
		6839697B164DBFF7009CF084 /* Default.png */ = {isa = PBXFileReference; lastKnownFileType = image.png; path = Default.png; sourceTree = "<group>"; };
		6839697D164DBFF7009CF084 /* Default@2x.png */ = {isa = PBXFileReference; lastKnownFileType = image.png; path = "Default@2x.png"; sourceTree = "<group>"; };
		6839697F164DBFF7009CF084 /* Default-568h@2x.png */ = {isa = PBXFileReference; lastKnownFileType = image.png; path = "Default-568h@2x.png"; sourceTree = "<group>"; };
		68396998164DC039009CF084 /* ExampleViewController.h */ = {isa = PBXFileReference; fileEncoding = 4; lastKnownFileType = sourcecode.c.h; path = ExampleViewController.h; sourceTree = "<group>"; };
		68396999164DC039009CF084 /* ExampleViewController.m */ = {isa = PBXFileReference; fileEncoding = 4; lastKnownFileType = sourcecode.c.objc; path = ExampleViewController.m; sourceTree = "<group>"; };
		6839699B164DC12B009CF084 /* libThumbsView.a */ = {isa = PBXFileReference; lastKnownFileType = archive.ar; name = libThumbsView.a; path = "../../Library/Developer/Xcode/DerivedData/ThumbsView-easkuiaahtqtoxaihoejywritkjy/Build/Products/Debug-iphoneos/libThumbsView.a"; sourceTree = "<group>"; };
/* End PBXFileReference section */

/* Begin PBXFrameworksBuildPhase section */
		68396962164DBFF7009CF084 /* Frameworks */ = {
			isa = PBXFrameworksBuildPhase;
			buildActionMask = 2147483647;
			files = (
				6839699C164DC12B009CF084 /* libThumbsView.a in Frameworks */,
				6839696A164DBFF7009CF084 /* UIKit.framework in Frameworks */,
				6839696C164DBFF7009CF084 /* Foundation.framework in Frameworks */,
				6839696E164DBFF7009CF084 /* CoreGraphics.framework in Frameworks */,
			);
			runOnlyForDeploymentPostprocessing = 0;
		};
/* End PBXFrameworksBuildPhase section */

/* Begin PBXGroup section */
		6839695A164DBFF7009CF084 = {
			isa = PBXGroup;
			children = (
				6839699B164DC12B009CF084 /* libThumbsView.a */,
				6839696F164DBFF7009CF084 /* Example */,
				68396968164DBFF7009CF084 /* Frameworks */,
				68396966164DBFF7009CF084 /* Products */,
			);
			sourceTree = "<group>";
		};
		68396966164DBFF7009CF084 /* Products */ = {
			isa = PBXGroup;
			children = (
				68396965164DBFF7009CF084 /* Example.app */,
			);
			name = Products;
			sourceTree = "<group>";
		};
		68396968164DBFF7009CF084 /* Frameworks */ = {
			isa = PBXGroup;
			children = (
				68396969164DBFF7009CF084 /* UIKit.framework */,
				6839696B164DBFF7009CF084 /* Foundation.framework */,
				6839696D164DBFF7009CF084 /* CoreGraphics.framework */,
			);
			name = Frameworks;
			sourceTree = "<group>";
		};
		6839696F164DBFF7009CF084 /* Example */ = {
			isa = PBXGroup;
			children = (
				68396978164DBFF7009CF084 /* AppDelegate.h */,
				68396979164DBFF7009CF084 /* AppDelegate.m */,
				68396998164DC039009CF084 /* ExampleViewController.h */,
				68396999164DC039009CF084 /* ExampleViewController.m */,
				68396970164DBFF7009CF084 /* Supporting Files */,
			);
			path = Example;
			sourceTree = "<group>";
		};
		68396970164DBFF7009CF084 /* Supporting Files */ = {
			isa = PBXGroup;
			children = (
				68396971164DBFF7009CF084 /* Example-Info.plist */,
				68396972164DBFF7009CF084 /* InfoPlist.strings */,
				68396975164DBFF7009CF084 /* main.m */,
				68396977164DBFF7009CF084 /* Example-Prefix.pch */,
				6839697B164DBFF7009CF084 /* Default.png */,
				6839697D164DBFF7009CF084 /* Default@2x.png */,
				6839697F164DBFF7009CF084 /* Default-568h@2x.png */,
			);
			name = "Supporting Files";
			sourceTree = "<group>";
		};
/* End PBXGroup section */

/* Begin PBXNativeTarget section */
		68396964164DBFF7009CF084 /* Example */ = {
			isa = PBXNativeTarget;
			buildConfigurationList = 68396983164DBFF7009CF084 /* Build configuration list for PBXNativeTarget "Example" */;
			buildPhases = (
				68396961164DBFF7009CF084 /* Sources */,
				68396962164DBFF7009CF084 /* Frameworks */,
				68396963164DBFF7009CF084 /* Resources */,
			);
			buildRules = (
			);
			dependencies = (
			);
			name = Example;
			productName = Example;
			productReference = 68396965164DBFF7009CF084 /* Example.app */;
			productType = "com.apple.product-type.application";
		};
/* End PBXNativeTarget section */

/* Begin PBXProject section */
		6839695C164DBFF7009CF084 /* Project object */ = {
			isa = PBXProject;
			attributes = {
				LastUpgradeCheck = 0450;
				ORGANIZATIONNAME = Fizzawizza;
			};
			buildConfigurationList = 6839695F164DBFF7009CF084 /* Build configuration list for PBXProject "Example" */;
			compatibilityVersion = "Xcode 3.2";
			developmentRegion = English;
			hasScannedForEncodings = 0;
			knownRegions = (
				en,
			);
			mainGroup = 6839695A164DBFF7009CF084;
			productRefGroup = 68396966164DBFF7009CF084 /* Products */;
			projectDirPath = "";
			projectRoot = "";
			targets = (
				68396964164DBFF7009CF084 /* Example */,
			);
		};
/* End PBXProject section */

/* Begin PBXResourcesBuildPhase section */
		68396963164DBFF7009CF084 /* Resources */ = {
			isa = PBXResourcesBuildPhase;
			buildActionMask = 2147483647;
			files = (
				68396974164DBFF7009CF084 /* InfoPlist.strings in Resources */,
				6839697C164DBFF7009CF084 /* Default.png in Resources */,
				6839697E164DBFF7009CF084 /* Default@2x.png in Resources */,
				68396980164DBFF7009CF084 /* Default-568h@2x.png in Resources */,
			);
			runOnlyForDeploymentPostprocessing = 0;
		};
/* End PBXResourcesBuildPhase section */

/* Begin PBXSourcesBuildPhase section */
		68396961164DBFF7009CF084 /* Sources */ = {
			isa = PBXSourcesBuildPhase;
			buildActionMask = 2147483647;
			files = (
				68396976164DBFF7009CF084 /* main.m in Sources */,
				6839697A164DBFF7009CF084 /* AppDelegate.m in Sources */,
				6839699A164DC039009CF084 /* ExampleViewController.m in Sources */,
			);
			runOnlyForDeploymentPostprocessing = 0;
		};
/* End PBXSourcesBuildPhase section */

/* Begin PBXVariantGroup section */
		68396972164DBFF7009CF084 /* InfoPlist.strings */ = {
			isa = PBXVariantGroup;
			children = (
				68396973164DBFF7009CF084 /* en */,
			);
			name = InfoPlist.strings;
			sourceTree = "<group>";
		};
/* End PBXVariantGroup section */

/* Begin XCBuildConfiguration section */
		68396981164DBFF7009CF084 /* Debug */ = {
			isa = XCBuildConfiguration;
			buildSettings = {
				ALWAYS_SEARCH_USER_PATHS = NO;
				CLANG_CXX_LANGUAGE_STANDARD = "gnu++0x";
				CLANG_CXX_LIBRARY = "libc++";
				CLANG_WARN_EMPTY_BODY = YES;
				CLANG_WARN__DUPLICATE_METHOD_MATCH = YES;
				"CODE_SIGN_IDENTITY[sdk=iphoneos*]" = "iPhone Developer";
				COPY_PHASE_STRIP = NO;
				GCC_C_LANGUAGE_STANDARD = gnu99;
				GCC_DYNAMIC_NO_PIC = NO;
				GCC_OPTIMIZATION_LEVEL = 0;
				GCC_PREPROCESSOR_DEFINITIONS = (
					"DEBUG=1",
					"$(inherited)",
				);
				GCC_SYMBOLS_PRIVATE_EXTERN = NO;
				GCC_WARN_ABOUT_RETURN_TYPE = YES;
				GCC_WARN_UNINITIALIZED_AUTOS = YES;
				GCC_WARN_UNUSED_VARIABLE = YES;
				IPHONEOS_DEPLOYMENT_TARGET = 6.0;
				ONLY_ACTIVE_ARCH = YES;
				SDKROOT = iphoneos;
				TARGETED_DEVICE_FAMILY = "1,2";
			};
			name = Debug;
		};
		68396982164DBFF7009CF084 /* Release */ = {
			isa = XCBuildConfiguration;
			buildSettings = {
				ALWAYS_SEARCH_USER_PATHS = NO;
				CLANG_CXX_LANGUAGE_STANDARD = "gnu++0x";
				CLANG_CXX_LIBRARY = "libc++";
				CLANG_WARN_EMPTY_BODY = YES;
				CLANG_WARN__DUPLICATE_METHOD_MATCH = YES;
				"CODE_SIGN_IDENTITY[sdk=iphoneos*]" = "iPhone Developer";
				COPY_PHASE_STRIP = YES;
				GCC_C_LANGUAGE_STANDARD = gnu99;
				GCC_WARN_ABOUT_RETURN_TYPE = YES;
				GCC_WARN_UNINITIALIZED_AUTOS = YES;
				GCC_WARN_UNUSED_VARIABLE = YES;
				IPHONEOS_DEPLOYMENT_TARGET = 6.0;
				OTHER_CFLAGS = "-DNS_BLOCK_ASSERTIONS=1";
				SDKROOT = iphoneos;
				TARGETED_DEVICE_FAMILY = "1,2";
				VALIDATE_PRODUCT = YES;
			};
			name = Release;
		};
		68396984164DBFF7009CF084 /* Debug */ = {
			isa = XCBuildConfiguration;
			buildSettings = {
				GCC_PRECOMPILE_PREFIX_HEADER = YES;
				GCC_PREFIX_HEADER = "Example/Example-Prefix.pch";
				HEADER_SEARCH_PATHS = "ThumbsView/**";
				INFOPLIST_FILE = "Example/Example-Info.plist";
				LIBRARY_SEARCH_PATHS = (
					"$(inherited)",
					"\"$(SRCROOT)/../../Library/Developer/Xcode/DerivedData/ThumbsView-easkuiaahtqtoxaihoejywritkjy/Build/Products/Debug-iphoneos\"",
				);
				PRODUCT_NAME = "$(TARGET_NAME)";
				WRAPPER_EXTENSION = app;
			};
			name = Debug;
		};
		68396985164DBFF7009CF084 /* Release */ = {
			isa = XCBuildConfiguration;
			buildSettings = {
				GCC_PRECOMPILE_PREFIX_HEADER = YES;
				GCC_PREFIX_HEADER = "Example/Example-Prefix.pch";
				HEADER_SEARCH_PATHS = "ThumbsView/**";
				INFOPLIST_FILE = "Example/Example-Info.plist";
				LIBRARY_SEARCH_PATHS = (
					"$(inherited)",
					"\"$(SRCROOT)/../../Library/Developer/Xcode/DerivedData/ThumbsView-easkuiaahtqtoxaihoejywritkjy/Build/Products/Debug-iphoneos\"",
				);
				PRODUCT_NAME = "$(TARGET_NAME)";
				WRAPPER_EXTENSION = app;
			};
			name = Release;
		};
/* End XCBuildConfiguration section */

/* Begin XCConfigurationList section */
		6839695F164DBFF7009CF084 /* Build configuration list for PBXProject "Example" */ = {
			isa = XCConfigurationList;
			buildConfigurations = (
				68396981164DBFF7009CF084 /* Debug */,
				68396982164DBFF7009CF084 /* Release */,
			);
			defaultConfigurationIsVisible = 0;
			defaultConfigurationName = Release;
		};
		68396983164DBFF7009CF084 /* Build configuration list for PBXNativeTarget "Example" */ = {
			isa = XCConfigurationList;
			buildConfigurations = (
				68396984164DBFF7009CF084 /* Debug */,
				68396985164DBFF7009CF084 /* Release */,
			);
			defaultConfigurationIsVisible = 0;
			defaultConfigurationName = Release;
		};
/* End XCConfigurationList section */
	};
	rootObject = 6839695C164DBFF7009CF084 /* Project object */;
}
